
Microsoft Visual Studio Solution File, Format Version 12.00
# Visual Studio 15
VisualStudioVersion = 15.0.28307.1300
MinimumVisualStudioVersion = 10.0.40219.1
Project("{FAE04EC0-301F-11D3-BF4B-00C04F79EFBC}") = "TCP Server", "TCP Server\TCP Server.csproj", "{281C438F-6A42-4340-8A33-9937E5B5DB6E}"
EndProject
Global
	GlobalSection(SolutionConfigurationPlatforms) = preSolution
		Debug|Any CPU = Debug|Any CPU
		Release|Any CPU = Release|Any CPU
	EndGlobalSection
	GlobalSection(ProjectConfigurationPlatforms) = postSolution
		{281C438F-6A42-4340-8A33-9937E5B5DB6E}.Debug|Any CPU.ActiveCfg = Debug|Any CPU
		{281C438F-6A42-4340-8A33-9937E5B5DB6E}.Debug|Any CPU.Build.0 = Debug|Any CPU
		{281C438F-6A42-4340-8A33-9937E5B5DB6E}.Release|Any CPU.ActiveCfg = Release|Any CPU
		{281C438F-6A42-4340-8A33-9937E5B5DB6E}.Release|Any CPU.Build.0 = Release|Any CPU
	EndGlobalSection
	GlobalSection(SolutionProperties) = preSolution
		HideSolutionNode = FALSE
	EndGlobalSection
	GlobalSection(ExtensibilityGlobals) = postSolution
		SolutionGuid = {3C5057D8-906D-40CE-9E53-91D2DA905C77}
	EndGlobalSection
EndGlobal
